
Microsoft Visual Studio Solution File, Format Version 12.00
# Visual Studio Version 16
VisualStudioVersion = 16.0.33801.447
MinimumVisualStudioVersion = 10.0.40219.1
Project("{9A19103F-16F7-4668-BE54-9A1E7A4F7556}") = "A_CSharpCourse", "CSharpCourse\A_CSharpCourse.csproj", "{2B72DDAA-4AD0-472E-9902-514EA55B9A13}"
EndProject
Project("{9A19103F-16F7-4668-BE54-9A1E7A4F7556}") = "B_ControlFlow", "B_ControlFlow\B_ControlFlow.csproj", "{99EB3F5A-6689-4808-A051-A31AFEAF9B49}"
EndProject
Project("{9A19103F-16F7-4668-BE54-9A1E7A4F7556}") = "C_ArraysCollections", "C_ArraysCollections\C_ArraysCollections.csproj", "{AB08B7D5-F66C-435C-A104-C36E9F4A1F52}"
EndProject
Project("{9A19103F-16F7-4668-BE54-9A1E7A4F7556}") = "D_OOP", "D_OOP\D_OOP.csproj", "{E04059BD-66BA-4821-80DE-5EE26623D4F9}"
EndProject
Project("{9A19103F-16F7-4668-BE54-9A1E7A4F7556}") = "E_Exceptions", "E_Exceptions\E_Exceptions.csproj", "{EF4F805F-F455-4B15-835F-C6605BC9BF00}"
EndProject
Project("{9A19103F-16F7-4668-BE54-9A1E7A4F7556}") = "F_PracticSeection", "F_PracticSeection\F_PracticSeection.csproj", "{9FED9361-B060-4C77-9F5A-1F7A798D4636}"
EndProject
Project("{FAE04EC0-301F-11D3-BF4B-00C04F79EFBC}") = "G_Delegation", "G_Delegats\G_Delegation.csproj", "{142D0747-5B1D-4B1F-9BFC-43DB663FFBD8}"
EndProject
Global
	GlobalSection(SolutionConfigurationPlatforms) = preSolution
		Debug|Any CPU = Debug|Any CPU
		Release|Any CPU = Release|Any CPU
	EndGlobalSection
	GlobalSection(ProjectConfigurationPlatforms) = postSolution
		{2B72DDAA-4AD0-472E-9902-514EA55B9A13}.Debug|Any CPU.ActiveCfg = Debug|Any CPU
		{2B72DDAA-4AD0-472E-9902-514EA55B9A13}.Debug|Any CPU.Build.0 = Debug|Any CPU
		{2B72DDAA-4AD0-472E-9902-514EA55B9A13}.Release|Any CPU.ActiveCfg = Release|Any CPU
		{2B72DDAA-4AD0-472E-9902-514EA55B9A13}.Release|Any CPU.Build.0 = Release|Any CPU
		{99EB3F5A-6689-4808-A051-A31AFEAF9B49}.Debug|Any CPU.ActiveCfg = Debug|Any CPU
		{99EB3F5A-6689-4808-A051-A31AFEAF9B49}.Debug|Any CPU.Build.0 = Debug|Any CPU
		{99EB3F5A-6689-4808-A051-A31AFEAF9B49}.Release|Any CPU.ActiveCfg = Release|Any CPU
		{99EB3F5A-6689-4808-A051-A31AFEAF9B49}.Release|Any CPU.Build.0 = Release|Any CPU
		{AB08B7D5-F66C-435C-A104-C36E9F4A1F52}.Debug|Any CPU.ActiveCfg = Debug|Any CPU
		{AB08B7D5-F66C-435C-A104-C36E9F4A1F52}.Debug|Any CPU.Build.0 = Debug|Any CPU
		{AB08B7D5-F66C-435C-A104-C36E9F4A1F52}.Release|Any CPU.ActiveCfg = Release|Any CPU
		{AB08B7D5-F66C-435C-A104-C36E9F4A1F52}.Release|Any CPU.Build.0 = Release|Any CPU
		{E04059BD-66BA-4821-80DE-5EE26623D4F9}.Debug|Any CPU.ActiveCfg = Debug|Any CPU
		{E04059BD-66BA-4821-80DE-5EE26623D4F9}.Debug|Any CPU.Build.0 = Debug|Any CPU
		{E04059BD-66BA-4821-80DE-5EE26623D4F9}.Release|Any CPU.ActiveCfg = Release|Any CPU
		{E04059BD-66BA-4821-80DE-5EE26623D4F9}.Release|Any CPU.Build.0 = Release|Any CPU
		{EF4F805F-F455-4B15-835F-C6605BC9BF00}.Debug|Any CPU.ActiveCfg = Debug|Any CPU
		{EF4F805F-F455-4B15-835F-C6605BC9BF00}.Debug|Any CPU.Build.0 = Debug|Any CPU
		{EF4F805F-F455-4B15-835F-C6605BC9BF00}.Release|Any CPU.ActiveCfg = Release|Any CPU
		{EF4F805F-F455-4B15-835F-C6605BC9BF00}.Release|Any CPU.Build.0 = Release|Any CPU
		{9FED9361-B060-4C77-9F5A-1F7A798D4636}.Debug|Any CPU.ActiveCfg = Debug|Any CPU
		{9FED9361-B060-4C77-9F5A-1F7A798D4636}.Debug|Any CPU.Build.0 = Debug|Any CPU
		{9FED9361-B060-4C77-9F5A-1F7A798D4636}.Release|Any CPU.ActiveCfg = Release|Any CPU
		{9FED9361-B060-4C77-9F5A-1F7A798D4636}.Release|Any CPU.Build.0 = Release|Any CPU
		{142D0747-5B1D-4B1F-9BFC-43DB663FFBD8}.Debug|Any CPU.ActiveCfg = Debug|Any CPU
		{142D0747-5B1D-4B1F-9BFC-43DB663FFBD8}.Debug|Any CPU.Build.0 = Debug|Any CPU
		{142D0747-5B1D-4B1F-9BFC-43DB663FFBD8}.Release|Any CPU.ActiveCfg = Release|Any CPU
		{142D0747-5B1D-4B1F-9BFC-43DB663FFBD8}.Release|Any CPU.Build.0 = Release|Any CPU
	EndGlobalSection
	GlobalSection(SolutionProperties) = preSolution
		HideSolutionNode = FALSE
	EndGlobalSection
	GlobalSection(ExtensibilityGlobals) = postSolution
		SolutionGuid = {82793C1F-C228-490B-8908-B727E9CDCFD3}
	EndGlobalSection
EndGlobal
